
Microsoft Visual Studio Solution File, Format Version 12.00
# Visual Studio Version 17
VisualStudioVersion = 17.5.33530.505
MinimumVisualStudioVersion = 10.0.40219.1
Project("{FAE04EC0-301F-11D3-BF4B-00C04F79EFBC}") = "byteBank", "byteBank\byteBank.csproj", "{AB44BB84-72C9-4C35-9D34-B3FEA5E78AA4}"
EndProject
Global
	GlobalSection(SolutionConfigurationPlatforms) = preSolution
		Debug|Any CPU = Debug|Any CPU
		Release|Any CPU = Release|Any CPU
	EndGlobalSection
	GlobalSection(ProjectConfigurationPlatforms) = postSolution
		{AB44BB84-72C9-4C35-9D34-B3FEA5E78AA4}.Debug|Any CPU.ActiveCfg = Debug|Any CPU
		{AB44BB84-72C9-4C35-9D34-B3FEA5E78AA4}.Debug|Any CPU.Build.0 = Debug|Any CPU
		{AB44BB84-72C9-4C35-9D34-B3FEA5E78AA4}.Release|Any CPU.ActiveCfg = Release|Any CPU
		{AB44BB84-72C9-4C35-9D34-B3FEA5E78AA4}.Release|Any CPU.Build.0 = Release|Any CPU
	EndGlobalSection
	GlobalSection(SolutionProperties) = preSolution
		HideSolutionNode = FALSE
	EndGlobalSection
	GlobalSection(ExtensibilityGlobals) = postSolution
		SolutionGuid = {8D17139F-7CD9-4C2A-A40D-E36E9F9719AD}
	EndGlobalSection
EndGlobal
